
Microsoft Visual Studio Solution File, Format Version 12.00
# Visual Studio 14
VisualStudioVersion = 14.0.23107.0
MinimumVisualStudioVersion = 10.0.40219.1
Project("{FAE04EC0-301F-11D3-BF4B-00C04F79EFBC}") = "scraper", "scraper\scraper.csproj", "{580F02D5-7B14-44B8-9878-12CEF418EF7F}"
EndProject
Project("{FAE04EC0-301F-11D3-BF4B-00C04F79EFBC}") = "scraperTests", "scraperTests\scraperTests.csproj", "{89AEA872-2074-4024-BFB8-850935572313}"
EndProject
Project("{FAE04EC0-301F-11D3-BF4B-00C04F79EFBC}") = "scraper.Core", "scraper.Intefaces\scraper.Core.csproj", "{F9513D8F-3B5B-45A5-96F4-9CFECD4D219F}"
EndProject
Project("{FAE04EC0-301F-11D3-BF4B-00C04F79EFBC}") = "FakePluginExternal", "FakePluginExternal\FakePluginExternal.csproj", "{1F17E141-D361-4C50-8D6F-17DD940CA4D1}"
EndProject
Global
	GlobalSection(SolutionConfigurationPlatforms) = preSolution
		Debug|Any CPU = Debug|Any CPU
		Release|Any CPU = Release|Any CPU
	EndGlobalSection
	GlobalSection(ProjectConfigurationPlatforms) = postSolution
		{580F02D5-7B14-44B8-9878-12CEF418EF7F}.Debug|Any CPU.ActiveCfg = Debug|Any CPU
		{580F02D5-7B14-44B8-9878-12CEF418EF7F}.Debug|Any CPU.Build.0 = Debug|Any CPU
		{580F02D5-7B14-44B8-9878-12CEF418EF7F}.Release|Any CPU.ActiveCfg = Release|Any CPU
		{580F02D5-7B14-44B8-9878-12CEF418EF7F}.Release|Any CPU.Build.0 = Release|Any CPU
		{89AEA872-2074-4024-BFB8-850935572313}.Debug|Any CPU.ActiveCfg = Debug|Any CPU
		{89AEA872-2074-4024-BFB8-850935572313}.Debug|Any CPU.Build.0 = Debug|Any CPU
		{89AEA872-2074-4024-BFB8-850935572313}.Release|Any CPU.ActiveCfg = Release|Any CPU
		{89AEA872-2074-4024-BFB8-850935572313}.Release|Any CPU.Build.0 = Release|Any CPU
		{F9513D8F-3B5B-45A5-96F4-9CFECD4D219F}.Debug|Any CPU.ActiveCfg = Debug|Any CPU
		{F9513D8F-3B5B-45A5-96F4-9CFECD4D219F}.Debug|Any CPU.Build.0 = Debug|Any CPU
		{F9513D8F-3B5B-45A5-96F4-9CFECD4D219F}.Release|Any CPU.ActiveCfg = Release|Any CPU
		{F9513D8F-3B5B-45A5-96F4-9CFECD4D219F}.Release|Any CPU.Build.0 = Release|Any CPU
		{1F17E141-D361-4C50-8D6F-17DD940CA4D1}.Debug|Any CPU.ActiveCfg = Debug|Any CPU
		{1F17E141-D361-4C50-8D6F-17DD940CA4D1}.Debug|Any CPU.Build.0 = Debug|Any CPU
		{1F17E141-D361-4C50-8D6F-17DD940CA4D1}.Release|Any CPU.ActiveCfg = Release|Any CPU
		{1F17E141-D361-4C50-8D6F-17DD940CA4D1}.Release|Any CPU.Build.0 = Release|Any CPU
	EndGlobalSection
	GlobalSection(SolutionProperties) = preSolution
		HideSolutionNode = FALSE
	EndGlobalSection
EndGlobal
